
Microsoft Visual Studio Solution File, Format Version 12.00
# Visual Studio Version 16
VisualStudioVersion = 16.0.31829.152
MinimumVisualStudioVersion = 10.0.40219.1
Project("{FAE04EC0-301F-11D3-BF4B-00C04F79EFBC}") = "Task_19", "Task_19\Task_19.csproj", "{1B796291-068F-413E-9748-B743C2560F65}"
EndProject
Global
	GlobalSection(SolutionConfigurationPlatforms) = preSolution
		Debug|Any CPU = Debug|Any CPU
		Release|Any CPU = Release|Any CPU
	EndGlobalSection
	GlobalSection(ProjectConfigurationPlatforms) = postSolution
		{1B796291-068F-413E-9748-B743C2560F65}.Debug|Any CPU.ActiveCfg = Debug|Any CPU
		{1B796291-068F-413E-9748-B743C2560F65}.Debug|Any CPU.Build.0 = Debug|Any CPU
		{1B796291-068F-413E-9748-B743C2560F65}.Release|Any CPU.ActiveCfg = Release|Any CPU
		{1B796291-068F-413E-9748-B743C2560F65}.Release|Any CPU.Build.0 = Release|Any CPU
	EndGlobalSection
	GlobalSection(SolutionProperties) = preSolution
		HideSolutionNode = FALSE
	EndGlobalSection
	GlobalSection(ExtensibilityGlobals) = postSolution
		SolutionGuid = {D3C925E9-AD4A-4E1D-8E92-27C0063A36D0}
	EndGlobalSection
EndGlobal
